
Microsoft Visual Studio Solution File, Format Version 12.00
# Visual Studio Version 17
VisualStudioVersion = 17.9.34701.34
MinimumVisualStudioVersion = 10.0.40219.1
Project("{FAE04EC0-301F-11D3-BF4B-00C04F79EFBC}") = "Costumer Manager", "Costumer Manager\Costumer Manager.csproj", "{4AF07FC3-49F0-4B30-B093-B3DD6C129178}"
EndProject
Global
	GlobalSection(SolutionConfigurationPlatforms) = preSolution
		Debug|Any CPU = Debug|Any CPU
		Release|Any CPU = Release|Any CPU
	EndGlobalSection
	GlobalSection(ProjectConfigurationPlatforms) = postSolution
		{4AF07FC3-49F0-4B30-B093-B3DD6C129178}.Debug|Any CPU.ActiveCfg = Debug|Any CPU
		{4AF07FC3-49F0-4B30-B093-B3DD6C129178}.Debug|Any CPU.Build.0 = Debug|Any CPU
		{4AF07FC3-49F0-4B30-B093-B3DD6C129178}.Release|Any CPU.ActiveCfg = Release|Any CPU
		{4AF07FC3-49F0-4B30-B093-B3DD6C129178}.Release|Any CPU.Build.0 = Release|Any CPU
	EndGlobalSection
	GlobalSection(SolutionProperties) = preSolution
		HideSolutionNode = FALSE
	EndGlobalSection
	GlobalSection(ExtensibilityGlobals) = postSolution
		SolutionGuid = {BBAEB165-9AA0-47FE-A942-88A29644FECD}
	EndGlobalSection
EndGlobal
